
Microsoft Visual Studio Solution File, Format Version 12.00
# Visual Studio 14
VisualStudioVersion = 14.0.25420.1
MinimumVisualStudioVersion = 10.0.40219.1
Project("{FAE04EC0-301F-11D3-BF4B-00C04F79EFBC}") = "WindowsFormsApplication30", "WindowsFormsApplication30\WindowsFormsApplication30.csproj", "{D3FD29C3-4242-4C2E-8534-511F2CDCEDAD}"
EndProject
Global
	GlobalSection(SolutionConfigurationPlatforms) = preSolution
		Debug|Any CPU = Debug|Any CPU
		Release|Any CPU = Release|Any CPU
	EndGlobalSection
	GlobalSection(ProjectConfigurationPlatforms) = postSolution
		{D3FD29C3-4242-4C2E-8534-511F2CDCEDAD}.Debug|Any CPU.ActiveCfg = Debug|Any CPU
		{D3FD29C3-4242-4C2E-8534-511F2CDCEDAD}.Debug|Any CPU.Build.0 = Debug|Any CPU
		{D3FD29C3-4242-4C2E-8534-511F2CDCEDAD}.Release|Any CPU.ActiveCfg = Release|Any CPU
		{D3FD29C3-4242-4C2E-8534-511F2CDCEDAD}.Release|Any CPU.Build.0 = Release|Any CPU
	EndGlobalSection
	GlobalSection(SolutionProperties) = preSolution
		HideSolutionNode = FALSE
	EndGlobalSection
EndGlobal
